
Microsoft Visual Studio Solution File, Format Version 12.00
Project("{F2A71F9B-5D33-465A-A702-920D77279786}") = "Skid", "Skid\Skid.fsproj", "{424BAB05-0F32-4A42-BB40-B565C4BA997E}"
EndProject
Global
	GlobalSection(SolutionConfigurationPlatforms) = preSolution
		Debug|Any CPU = Debug|Any CPU
		Release|Any CPU = Release|Any CPU
	EndGlobalSection
	GlobalSection(ProjectConfigurationPlatforms) = postSolution
		{424BAB05-0F32-4A42-BB40-B565C4BA997E}.Debug|Any CPU.ActiveCfg = Debug|Any CPU
		{424BAB05-0F32-4A42-BB40-B565C4BA997E}.Debug|Any CPU.Build.0 = Debug|Any CPU
		{424BAB05-0F32-4A42-BB40-B565C4BA997E}.Release|Any CPU.ActiveCfg = Release|Any CPU
		{424BAB05-0F32-4A42-BB40-B565C4BA997E}.Release|Any CPU.Build.0 = Release|Any CPU
	EndGlobalSection
EndGlobal
